
Microsoft Visual Studio Solution File, Format Version 12.00
# Visual Studio Version 17
VisualStudioVersion = 17.0.31903.59
MinimumVisualStudioVersion = 10.0.40219.1
Project("{2150E333-8FDC-42A3-9474-1A3956D46DE8}") = "src", "src", "{827E0CD3-B72D-47B6-A68D-7590B98EB39B}"
EndProject
Project("{2150E333-8FDC-42A3-9474-1A3956D46DE8}") = "Modules", "Modules", "{EC447DCF-ABFA-6E24-52A5-D7FD48A5C558}"
EndProject
Project("{FAE04EC0-301F-11D3-BF4B-00C04F79EFBC}") = "Vcc.Shared", "src\Modules\Vcc.Shared\Vcc.Shared.csproj", "{EB8CC88A-DE96-499B-B227-B8FA34433F0B}"
EndProject
Project("{FAE04EC0-301F-11D3-BF4B-00C04F79EFBC}") = "Vcc.Domain", "src\Modules\Vcc.Domain\Vcc.Domain.csproj", "{73487A32-065A-4874-A158-C18CB8BA5D41}"
EndProject
Project("{FAE04EC0-301F-11D3-BF4B-00C04F79EFBC}") = "Vcc.Infrastructure", "src\Modules\Vcc.Infrastructure\Vcc.Infrastructure.csproj", "{13F73B52-8204-4156-8626-271552853DAE}"
EndProject
Project("{FAE04EC0-301F-11D3-BF4B-00C04F79EFBC}") = "Vcc.Connectors", "src\Modules\Vcc.Connectors\Vcc.Connectors.csproj", "{A49BBBB7-0FA7-449A-AD0B-9E7D20F1DA06}"
EndProject
Project("{FAE04EC0-301F-11D3-BF4B-00C04F79EFBC}") = "Vcc.Terminal", "src\Modules\Vcc.Terminal\Vcc.Terminal.csproj", "{7E63720F-2690-49A5-8453-66E2DBF8129C}"
EndProject
Project("{FAE04EC0-301F-11D3-BF4B-00C04F79EFBC}") = "Vcc.Metrics", "src\Modules\Vcc.Metrics\Vcc.Metrics.csproj", "{B76A8776-A4A5-462A-8D17-76867669F2F5}"
EndProject
Project("{FAE04EC0-301F-11D3-BF4B-00C04F79EFBC}") = "Vcc.Notification", "src\Modules\Vcc.Notification\Vcc.Notification.csproj", "{A97B3489-ECFC-4805-B567-F7FC8A5C50CD}"
EndProject
Project("{FAE04EC0-301F-11D3-BF4B-00C04F79EFBC}") = "Vcc.Packages", "src\Modules\Vcc.Packages\Vcc.Packages.csproj", "{229946C8-F3D3-4961-A18D-F7F57A2DEA54}"
EndProject
Project("{FAE04EC0-301F-11D3-BF4B-00C04F79EFBC}") = "Vcc.Orchestration", "src\Modules\Vcc.Orchestration\Vcc.Orchestration.csproj", "{C319FFB2-F2D2-4039-9661-7FEC6D8DCD1E}"
EndProject
Project("{FAE04EC0-301F-11D3-BF4B-00C04F79EFBC}") = "Vcc.Projects", "src\Modules\Vcc.Projects\Vcc.Projects.csproj", "{A9062AE9-98CE-4FC3-B60B-03CB534BC041}"
EndProject
Project("{FAE04EC0-301F-11D3-BF4B-00C04F79EFBC}") = "Vcc.Board", "src\Modules\Vcc.Board\Vcc.Board.csproj", "{5040E30C-DC5A-4A3B-B972-14465ACE0C3D}"
EndProject
Project("{FAE04EC0-301F-11D3-BF4B-00C04F79EFBC}") = "Vcc.Design", "src\Modules\Vcc.Design\Vcc.Design.csproj", "{83CEED70-9615-4F7E-A09D-FC5A9B5F0765}"
EndProject
Project("{FAE04EC0-301F-11D3-BF4B-00C04F79EFBC}") = "Vcc.Test", "src\Modules\Vcc.Test\Vcc.Test.csproj", "{A12A1ABE-1AD0-4D67-BA14-3A82486A0EBF}"
EndProject
Project("{FAE04EC0-301F-11D3-BF4B-00C04F79EFBC}") = "Vcc.Api", "src\Modules\Vcc.Api\Vcc.Api.csproj", "{CB70C916-02C1-4AEC-9DDA-CAE8F77211AC}"
EndProject
Project("{2150E333-8FDC-42A3-9474-1A3956D46DE8}") = "tests", "tests", "{0AB3BF05-4346-4AA6-1389-037BE0695223}"
EndProject
Project("{FAE04EC0-301F-11D3-BF4B-00C04F79EFBC}") = "Vcc.Domain.Tests", "tests\Vcc.Domain.Tests\Vcc.Domain.Tests.csproj", "{D29571EF-C722-46B2-AE3C-23E2629E1AF7}"
EndProject
Project("{FAE04EC0-301F-11D3-BF4B-00C04F79EFBC}") = "Vcc.Modules.Tests", "tests\Vcc.Modules.Tests\Vcc.Modules.Tests.csproj", "{3F9FEC3B-D472-49C5-BFCC-16F7727C567F}"
EndProject
Project("{FAE04EC0-301F-11D3-BF4B-00C04F79EFBC}") = "Vcc.Integration.Tests", "tests\Vcc.Integration.Tests\Vcc.Integration.Tests.csproj", "{2D959C5A-CF6D-4DFC-8C85-E5C6B5DBB0EE}"
EndProject
Project("{2150E333-8FDC-42A3-9474-1A3956D46DE8}") = "monitors", "monitors", "{7B99CFB9-C586-FA53-BA07-AFD6683553CE}"
EndProject
Project("{FAE04EC0-301F-11D3-BF4B-00C04F79EFBC}") = "Vcc.ServiceDefaults", "monitors\Vcc.ServiceDefaults\Vcc.ServiceDefaults.csproj", "{8D1634F8-75BC-481F-B197-9B5C114E8AF8}"
EndProject
Project("{FAE04EC0-301F-11D3-BF4B-00C04F79EFBC}") = "Vcc.AppHost", "monitors\Vcc.AppHost\Vcc.AppHost.csproj", "{7864C0A9-6293-4887-B031-B74E83182D4C}"
EndProject
Project("{FAE04EC0-301F-11D3-BF4B-00C04F79EFBC}") = "Vcc.Migrations", "src\Modules\Vcc.Migrations\Vcc.Migrations.csproj", "{37C20081-03A0-407F-9C6F-99D4DD20B9BE}"
EndProject
Global
	GlobalSection(SolutionConfigurationPlatforms) = preSolution
		Debug|Any CPU = Debug|Any CPU
		Debug|x64 = Debug|x64
		Debug|x86 = Debug|x86
		Release|Any CPU = Release|Any CPU
		Release|x64 = Release|x64
		Release|x86 = Release|x86
	EndGlobalSection
	GlobalSection(ProjectConfigurationPlatforms) = postSolution
		{EB8CC88A-DE96-499B-B227-B8FA34433F0B}.Debug|Any CPU.ActiveCfg = Debug|Any CPU
		{EB8CC88A-DE96-499B-B227-B8FA34433F0B}.Debug|Any CPU.Build.0 = Debug|Any CPU
		{EB8CC88A-DE96-499B-B227-B8FA34433F0B}.Debug|x64.ActiveCfg = Debug|Any CPU
		{EB8CC88A-DE96-499B-B227-B8FA34433F0B}.Debug|x64.Build.0 = Debug|Any CPU
		{EB8CC88A-DE96-499B-B227-B8FA34433F0B}.Debug|x86.ActiveCfg = Debug|Any CPU
		{EB8CC88A-DE96-499B-B227-B8FA34433F0B}.Debug|x86.Build.0 = Debug|Any CPU
		{EB8CC88A-DE96-499B-B227-B8FA34433F0B}.Release|Any CPU.ActiveCfg = Release|Any CPU
		{EB8CC88A-DE96-499B-B227-B8FA34433F0B}.Release|Any CPU.Build.0 = Release|Any CPU
		{EB8CC88A-DE96-499B-B227-B8FA34433F0B}.Release|x64.ActiveCfg = Release|Any CPU
		{EB8CC88A-DE96-499B-B227-B8FA34433F0B}.Release|x64.Build.0 = Release|Any CPU
		{EB8CC88A-DE96-499B-B227-B8FA34433F0B}.Release|x86.ActiveCfg = Release|Any CPU
		{EB8CC88A-DE96-499B-B227-B8FA34433F0B}.Release|x86.Build.0 = Release|Any CPU
		{73487A32-065A-4874-A158-C18CB8BA5D41}.Debug|Any CPU.ActiveCfg = Debug|Any CPU
		{73487A32-065A-4874-A158-C18CB8BA5D41}.Debug|Any CPU.Build.0 = Debug|Any CPU
		{73487A32-065A-4874-A158-C18CB8BA5D41}.Debug|x64.ActiveCfg = Debug|Any CPU
		{73487A32-065A-4874-A158-C18CB8BA5D41}.Debug|x64.Build.0 = Debug|Any CPU
		{73487A32-065A-4874-A158-C18CB8BA5D41}.Debug|x86.ActiveCfg = Debug|Any CPU
		{73487A32-065A-4874-A158-C18CB8BA5D41}.Debug|x86.Build.0 = Debug|Any CPU
		{73487A32-065A-4874-A158-C18CB8BA5D41}.Release|Any CPU.ActiveCfg = Release|Any CPU
		{73487A32-065A-4874-A158-C18CB8BA5D41}.Release|Any CPU.Build.0 = Release|Any CPU
		{73487A32-065A-4874-A158-C18CB8BA5D41}.Release|x64.ActiveCfg = Release|Any CPU
		{73487A32-065A-4874-A158-C18CB8BA5D41}.Release|x64.Build.0 = Release|Any CPU
		{73487A32-065A-4874-A158-C18CB8BA5D41}.Release|x86.ActiveCfg = Release|Any CPU
		{73487A32-065A-4874-A158-C18CB8BA5D41}.Release|x86.Build.0 = Release|Any CPU
		{13F73B52-8204-4156-8626-271552853DAE}.Debug|Any CPU.ActiveCfg = Debug|Any CPU
		{13F73B52-8204-4156-8626-271552853DAE}.Debug|Any CPU.Build.0 = Debug|Any CPU
		{13F73B52-8204-4156-8626-271552853DAE}.Debug|x64.ActiveCfg = Debug|Any CPU
		{13F73B52-8204-4156-8626-271552853DAE}.Debug|x64.Build.0 = Debug|Any CPU
		{13F73B52-8204-4156-8626-271552853DAE}.Debug|x86.ActiveCfg = Debug|Any CPU
		{13F73B52-8204-4156-8626-271552853DAE}.Debug|x86.Build.0 = Debug|Any CPU
		{13F73B52-8204-4156-8626-271552853DAE}.Release|Any CPU.ActiveCfg = Release|Any CPU
		{13F73B52-8204-4156-8626-271552853DAE}.Release|Any CPU.Build.0 = Release|Any CPU
		{13F73B52-8204-4156-8626-271552853DAE}.Release|x64.ActiveCfg = Release|Any CPU
		{13F73B52-8204-4156-8626-271552853DAE}.Release|x64.Build.0 = Release|Any CPU
		{13F73B52-8204-4156-8626-271552853DAE}.Release|x86.ActiveCfg = Release|Any CPU
		{13F73B52-8204-4156-8626-271552853DAE}.Release|x86.Build.0 = Release|Any CPU
		{A49BBBB7-0FA7-449A-AD0B-9E7D20F1DA06}.Debug|Any CPU.ActiveCfg = Debug|Any CPU
		{A49BBBB7-0FA7-449A-AD0B-9E7D20F1DA06}.Debug|Any CPU.Build.0 = Debug|Any CPU
		{A49BBBB7-0FA7-449A-AD0B-9E7D20F1DA06}.Debug|x64.ActiveCfg = Debug|Any CPU
		{A49BBBB7-0FA7-449A-AD0B-9E7D20F1DA06}.Debug|x64.Build.0 = Debug|Any CPU
		{A49BBBB7-0FA7-449A-AD0B-9E7D20F1DA06}.Debug|x86.ActiveCfg = Debug|Any CPU
		{A49BBBB7-0FA7-449A-AD0B-9E7D20F1DA06}.Debug|x86.Build.0 = Debug|Any CPU
		{A49BBBB7-0FA7-449A-AD0B-9E7D20F1DA06}.Release|Any CPU.ActiveCfg = Release|Any CPU
		{A49BBBB7-0FA7-449A-AD0B-9E7D20F1DA06}.Release|Any CPU.Build.0 = Release|Any CPU
		{A49BBBB7-0FA7-449A-AD0B-9E7D20F1DA06}.Release|x64.ActiveCfg = Release|Any CPU
		{A49BBBB7-0FA7-449A-AD0B-9E7D20F1DA06}.Release|x64.Build.0 = Release|Any CPU
		{A49BBBB7-0FA7-449A-AD0B-9E7D20F1DA06}.Release|x86.ActiveCfg = Release|Any CPU
		{A49BBBB7-0FA7-449A-AD0B-9E7D20F1DA06}.Release|x86.Build.0 = Release|Any CPU
		{7E63720F-2690-49A5-8453-66E2DBF8129C}.Debug|Any CPU.ActiveCfg = Debug|Any CPU
		{7E63720F-2690-49A5-8453-66E2DBF8129C}.Debug|Any CPU.Build.0 = Debug|Any CPU
		{7E63720F-2690-49A5-8453-66E2DBF8129C}.Debug|x64.ActiveCfg = Debug|Any CPU
		{7E63720F-2690-49A5-8453-66E2DBF8129C}.Debug|x64.Build.0 = Debug|Any CPU
		{7E63720F-2690-49A5-8453-66E2DBF8129C}.Debug|x86.ActiveCfg = Debug|Any CPU
		{7E63720F-2690-49A5-8453-66E2DBF8129C}.Debug|x86.Build.0 = Debug|Any CPU
		{7E63720F-2690-49A5-8453-66E2DBF8129C}.Release|Any CPU.ActiveCfg = Release|Any CPU
		{7E63720F-2690-49A5-8453-66E2DBF8129C}.Release|Any CPU.Build.0 = Release|Any CPU
		{7E63720F-2690-49A5-8453-66E2DBF8129C}.Release|x64.ActiveCfg = Release|Any CPU
		{7E63720F-2690-49A5-8453-66E2DBF8129C}.Release|x64.Build.0 = Release|Any CPU
		{7E63720F-2690-49A5-8453-66E2DBF8129C}.Release|x86.ActiveCfg = Release|Any CPU
		{7E63720F-2690-49A5-8453-66E2DBF8129C}.Release|x86.Build.0 = Release|Any CPU
		{B76A8776-A4A5-462A-8D17-76867669F2F5}.Debug|Any CPU.ActiveCfg = Debug|Any CPU
		{B76A8776-A4A5-462A-8D17-76867669F2F5}.Debug|Any CPU.Build.0 = Debug|Any CPU
		{B76A8776-A4A5-462A-8D17-76867669F2F5}.Debug|x64.ActiveCfg = Debug|Any CPU
		{B76A8776-A4A5-462A-8D17-76867669F2F5}.Debug|x64.Build.0 = Debug|Any CPU
		{B76A8776-A4A5-462A-8D17-76867669F2F5}.Debug|x86.ActiveCfg = Debug|Any CPU
		{B76A8776-A4A5-462A-8D17-76867669F2F5}.Debug|x86.Build.0 = Debug|Any CPU
		{B76A8776-A4A5-462A-8D17-76867669F2F5}.Release|Any CPU.ActiveCfg = Release|Any CPU
		{B76A8776-A4A5-462A-8D17-76867669F2F5}.Release|Any CPU.Build.0 = Release|Any CPU
		{B76A8776-A4A5-462A-8D17-76867669F2F5}.Release|x64.ActiveCfg = Release|Any CPU
		{B76A8776-A4A5-462A-8D17-76867669F2F5}.Release|x64.Build.0 = Release|Any CPU
		{B76A8776-A4A5-462A-8D17-76867669F2F5}.Release|x86.ActiveCfg = Release|Any CPU
		{B76A8776-A4A5-462A-8D17-76867669F2F5}.Release|x86.Build.0 = Release|Any CPU
		{A97B3489-ECFC-4805-B567-F7FC8A5C50CD}.Debug|Any CPU.ActiveCfg = Debug|Any CPU
		{A97B3489-ECFC-4805-B567-F7FC8A5C50CD}.Debug|Any CPU.Build.0 = Debug|Any CPU
		{A97B3489-ECFC-4805-B567-F7FC8A5C50CD}.Debug|x64.ActiveCfg = Debug|Any CPU
		{A97B3489-ECFC-4805-B567-F7FC8A5C50CD}.Debug|x64.Build.0 = Debug|Any CPU
		{A97B3489-ECFC-4805-B567-F7FC8A5C50CD}.Debug|x86.ActiveCfg = Debug|Any CPU
		{A97B3489-ECFC-4805-B567-F7FC8A5C50CD}.Debug|x86.Build.0 = Debug|Any CPU
		{A97B3489-ECFC-4805-B567-F7FC8A5C50CD}.Release|Any CPU.ActiveCfg = Release|Any CPU
		{A97B3489-ECFC-4805-B567-F7FC8A5C50CD}.Release|Any CPU.Build.0 = Release|Any CPU
		{A97B3489-ECFC-4805-B567-F7FC8A5C50CD}.Release|x64.ActiveCfg = Release|Any CPU
		{A97B3489-ECFC-4805-B567-F7FC8A5C50CD}.Release|x64.Build.0 = Release|Any CPU
		{A97B3489-ECFC-4805-B567-F7FC8A5C50CD}.Release|x86.ActiveCfg = Release|Any CPU
		{A97B3489-ECFC-4805-B567-F7FC8A5C50CD}.Release|x86.Build.0 = Release|Any CPU
		{229946C8-F3D3-4961-A18D-F7F57A2DEA54}.Debug|Any CPU.ActiveCfg = Debug|Any CPU
		{229946C8-F3D3-4961-A18D-F7F57A2DEA54}.Debug|Any CPU.Build.0 = Debug|Any CPU
		{229946C8-F3D3-4961-A18D-F7F57A2DEA54}.Debug|x64.ActiveCfg = Debug|Any CPU
		{229946C8-F3D3-4961-A18D-F7F57A2DEA54}.Debug|x64.Build.0 = Debug|Any CPU
		{229946C8-F3D3-4961-A18D-F7F57A2DEA54}.Debug|x86.ActiveCfg = Debug|Any CPU
		{229946C8-F3D3-4961-A18D-F7F57A2DEA54}.Debug|x86.Build.0 = Debug|Any CPU
		{229946C8-F3D3-4961-A18D-F7F57A2DEA54}.Release|Any CPU.ActiveCfg = Release|Any CPU
		{229946C8-F3D3-4961-A18D-F7F57A2DEA54}.Release|Any CPU.Build.0 = Release|Any CPU
		{229946C8-F3D3-4961-A18D-F7F57A2DEA54}.Release|x64.ActiveCfg = Release|Any CPU
		{229946C8-F3D3-4961-A18D-F7F57A2DEA54}.Release|x64.Build.0 = Release|Any CPU
		{229946C8-F3D3-4961-A18D-F7F57A2DEA54}.Release|x86.ActiveCfg = Release|Any CPU
		{229946C8-F3D3-4961-A18D-F7F57A2DEA54}.Release|x86.Build.0 = Release|Any CPU
		{C319FFB2-F2D2-4039-9661-7FEC6D8DCD1E}.Debug|Any CPU.ActiveCfg = Debug|Any CPU
		{C319FFB2-F2D2-4039-9661-7FEC6D8DCD1E}.Debug|Any CPU.Build.0 = Debug|Any CPU
		{C319FFB2-F2D2-4039-9661-7FEC6D8DCD1E}.Debug|x64.ActiveCfg = Debug|Any CPU
		{C319FFB2-F2D2-4039-9661-7FEC6D8DCD1E}.Debug|x64.Build.0 = Debug|Any CPU
		{C319FFB2-F2D2-4039-9661-7FEC6D8DCD1E}.Debug|x86.ActiveCfg = Debug|Any CPU
		{C319FFB2-F2D2-4039-9661-7FEC6D8DCD1E}.Debug|x86.Build.0 = Debug|Any CPU
		{C319FFB2-F2D2-4039-9661-7FEC6D8DCD1E}.Release|Any CPU.ActiveCfg = Release|Any CPU
		{C319FFB2-F2D2-4039-9661-7FEC6D8DCD1E}.Release|Any CPU.Build.0 = Release|Any CPU
		{C319FFB2-F2D2-4039-9661-7FEC6D8DCD1E}.Release|x64.ActiveCfg = Release|Any CPU
		{C319FFB2-F2D2-4039-9661-7FEC6D8DCD1E}.Release|x64.Build.0 = Release|Any CPU
		{C319FFB2-F2D2-4039-9661-7FEC6D8DCD1E}.Release|x86.ActiveCfg = Release|Any CPU
		{C319FFB2-F2D2-4039-9661-7FEC6D8DCD1E}.Release|x86.Build.0 = Release|Any CPU
		{A9062AE9-98CE-4FC3-B60B-03CB534BC041}.Debug|Any CPU.ActiveCfg = Debug|Any CPU
		{A9062AE9-98CE-4FC3-B60B-03CB534BC041}.Debug|Any CPU.Build.0 = Debug|Any CPU
		{A9062AE9-98CE-4FC3-B60B-03CB534BC041}.Debug|x64.ActiveCfg = Debug|Any CPU
		{A9062AE9-98CE-4FC3-B60B-03CB534BC041}.Debug|x64.Build.0 = Debug|Any CPU
		{A9062AE9-98CE-4FC3-B60B-03CB534BC041}.Debug|x86.ActiveCfg = Debug|Any CPU
		{A9062AE9-98CE-4FC3-B60B-03CB534BC041}.Debug|x86.Build.0 = Debug|Any CPU
		{A9062AE9-98CE-4FC3-B60B-03CB534BC041}.Release|Any CPU.ActiveCfg = Release|Any CPU
		{A9062AE9-98CE-4FC3-B60B-03CB534BC041}.Release|Any CPU.Build.0 = Release|Any CPU
		{A9062AE9-98CE-4FC3-B60B-03CB534BC041}.Release|x64.ActiveCfg = Release|Any CPU
		{A9062AE9-98CE-4FC3-B60B-03CB534BC041}.Release|x64.Build.0 = Release|Any CPU
		{A9062AE9-98CE-4FC3-B60B-03CB534BC041}.Release|x86.ActiveCfg = Release|Any CPU
		{A9062AE9-98CE-4FC3-B60B-03CB534BC041}.Release|x86.Build.0 = Release|Any CPU
		{5040E30C-DC5A-4A3B-B972-14465ACE0C3D}.Debug|Any CPU.ActiveCfg = Debug|Any CPU
		{5040E30C-DC5A-4A3B-B972-14465ACE0C3D}.Debug|Any CPU.Build.0 = Debug|Any CPU
		{5040E30C-DC5A-4A3B-B972-14465ACE0C3D}.Debug|x64.ActiveCfg = Debug|Any CPU
		{5040E30C-DC5A-4A3B-B972-14465ACE0C3D}.Debug|x64.Build.0 = Debug|Any CPU
		{5040E30C-DC5A-4A3B-B972-14465ACE0C3D}.Debug|x86.ActiveCfg = Debug|Any CPU
		{5040E30C-DC5A-4A3B-B972-14465ACE0C3D}.Debug|x86.Build.0 = Debug|Any CPU
		{5040E30C-DC5A-4A3B-B972-14465ACE0C3D}.Release|Any CPU.ActiveCfg = Release|Any CPU
		{5040E30C-DC5A-4A3B-B972-14465ACE0C3D}.Release|Any CPU.Build.0 = Release|Any CPU
		{5040E30C-DC5A-4A3B-B972-14465ACE0C3D}.Release|x64.ActiveCfg = Release|Any CPU
		{5040E30C-DC5A-4A3B-B972-14465ACE0C3D}.Release|x64.Build.0 = Release|Any CPU
		{5040E30C-DC5A-4A3B-B972-14465ACE0C3D}.Release|x86.ActiveCfg = Release|Any CPU
		{5040E30C-DC5A-4A3B-B972-14465ACE0C3D}.Release|x86.Build.0 = Release|Any CPU
		{83CEED70-9615-4F7E-A09D-FC5A9B5F0765}.Debug|Any CPU.ActiveCfg = Debug|Any CPU
		{83CEED70-9615-4F7E-A09D-FC5A9B5F0765}.Debug|Any CPU.Build.0 = Debug|Any CPU
		{83CEED70-9615-4F7E-A09D-FC5A9B5F0765}.Debug|x64.ActiveCfg = Debug|Any CPU
		{83CEED70-9615-4F7E-A09D-FC5A9B5F0765}.Debug|x64.Build.0 = Debug|Any CPU
		{83CEED70-9615-4F7E-A09D-FC5A9B5F0765}.Debug|x86.ActiveCfg = Debug|Any CPU
		{83CEED70-9615-4F7E-A09D-FC5A9B5F0765}.Debug|x86.Build.0 = Debug|Any CPU
		{83CEED70-9615-4F7E-A09D-FC5A9B5F0765}.Release|Any CPU.ActiveCfg = Release|Any CPU
		{83CEED70-9615-4F7E-A09D-FC5A9B5F0765}.Release|Any CPU.Build.0 = Release|Any CPU
		{83CEED70-9615-4F7E-A09D-FC5A9B5F0765}.Release|x64.ActiveCfg = Release|Any CPU
		{83CEED70-9615-4F7E-A09D-FC5A9B5F0765}.Release|x64.Build.0 = Release|Any CPU
		{83CEED70-9615-4F7E-A09D-FC5A9B5F0765}.Release|x86.ActiveCfg = Release|Any CPU
		{83CEED70-9615-4F7E-A09D-FC5A9B5F0765}.Release|x86.Build.0 = Release|Any CPU
		{A12A1ABE-1AD0-4D67-BA14-3A82486A0EBF}.Debug|Any CPU.ActiveCfg = Debug|Any CPU
		{A12A1ABE-1AD0-4D67-BA14-3A82486A0EBF}.Debug|Any CPU.Build.0 = Debug|Any CPU
		{A12A1ABE-1AD0-4D67-BA14-3A82486A0EBF}.Debug|x64.ActiveCfg = Debug|Any CPU
		{A12A1ABE-1AD0-4D67-BA14-3A82486A0EBF}.Debug|x64.Build.0 = Debug|Any CPU
		{A12A1ABE-1AD0-4D67-BA14-3A82486A0EBF}.Debug|x86.ActiveCfg = Debug|Any CPU
		{A12A1ABE-1AD0-4D67-BA14-3A82486A0EBF}.Debug|x86.Build.0 = Debug|Any CPU
		{A12A1ABE-1AD0-4D67-BA14-3A82486A0EBF}.Release|Any CPU.ActiveCfg = Release|Any CPU
		{A12A1ABE-1AD0-4D67-BA14-3A82486A0EBF}.Release|Any CPU.Build.0 = Release|Any CPU
		{A12A1ABE-1AD0-4D67-BA14-3A82486A0EBF}.Release|x64.ActiveCfg = Release|Any CPU
		{A12A1ABE-1AD0-4D67-BA14-3A82486A0EBF}.Release|x64.Build.0 = Release|Any CPU
		{A12A1ABE-1AD0-4D67-BA14-3A82486A0EBF}.Release|x86.ActiveCfg = Release|Any CPU
		{A12A1ABE-1AD0-4D67-BA14-3A82486A0EBF}.Release|x86.Build.0 = Release|Any CPU
		{CB70C916-02C1-4AEC-9DDA-CAE8F77211AC}.Debug|Any CPU.ActiveCfg = Debug|Any CPU
		{CB70C916-02C1-4AEC-9DDA-CAE8F77211AC}.Debug|Any CPU.Build.0 = Debug|Any CPU
		{CB70C916-02C1-4AEC-9DDA-CAE8F77211AC}.Debug|x64.ActiveCfg = Debug|Any CPU
		{CB70C916-02C1-4AEC-9DDA-CAE8F77211AC}.Debug|x64.Build.0 = Debug|Any CPU
		{CB70C916-02C1-4AEC-9DDA-CAE8F77211AC}.Debug|x86.ActiveCfg = Debug|Any CPU
		{CB70C916-02C1-4AEC-9DDA-CAE8F77211AC}.Debug|x86.Build.0 = Debug|Any CPU
		{CB70C916-02C1-4AEC-9DDA-CAE8F77211AC}.Release|Any CPU.ActiveCfg = Release|Any CPU
		{CB70C916-02C1-4AEC-9DDA-CAE8F77211AC}.Release|Any CPU.Build.0 = Release|Any CPU
		{CB70C916-02C1-4AEC-9DDA-CAE8F77211AC}.Release|x64.ActiveCfg = Release|Any CPU
		{CB70C916-02C1-4AEC-9DDA-CAE8F77211AC}.Release|x64.Build.0 = Release|Any CPU
		{CB70C916-02C1-4AEC-9DDA-CAE8F77211AC}.Release|x86.ActiveCfg = Release|Any CPU
		{CB70C916-02C1-4AEC-9DDA-CAE8F77211AC}.Release|x86.Build.0 = Release|Any CPU
		{D29571EF-C722-46B2-AE3C-23E2629E1AF7}.Debug|Any CPU.ActiveCfg = Debug|Any CPU
		{D29571EF-C722-46B2-AE3C-23E2629E1AF7}.Debug|Any CPU.Build.0 = Debug|Any CPU
		{D29571EF-C722-46B2-AE3C-23E2629E1AF7}.Debug|x64.ActiveCfg = Debug|Any CPU
		{D29571EF-C722-46B2-AE3C-23E2629E1AF7}.Debug|x64.Build.0 = Debug|Any CPU
		{D29571EF-C722-46B2-AE3C-23E2629E1AF7}.Debug|x86.ActiveCfg = Debug|Any CPU
		{D29571EF-C722-46B2-AE3C-23E2629E1AF7}.Debug|x86.Build.0 = Debug|Any CPU
		{D29571EF-C722-46B2-AE3C-23E2629E1AF7}.Release|Any CPU.ActiveCfg = Release|Any CPU
		{D29571EF-C722-46B2-AE3C-23E2629E1AF7}.Release|Any CPU.Build.0 = Release|Any CPU
		{D29571EF-C722-46B2-AE3C-23E2629E1AF7}.Release|x64.ActiveCfg = Release|Any CPU
		{D29571EF-C722-46B2-AE3C-23E2629E1AF7}.Release|x64.Build.0 = Release|Any CPU
		{D29571EF-C722-46B2-AE3C-23E2629E1AF7}.Release|x86.ActiveCfg = Release|Any CPU
		{D29571EF-C722-46B2-AE3C-23E2629E1AF7}.Release|x86.Build.0 = Release|Any CPU
		{3F9FEC3B-D472-49C5-BFCC-16F7727C567F}.Debug|Any CPU.ActiveCfg = Debug|Any CPU
		{3F9FEC3B-D472-49C5-BFCC-16F7727C567F}.Debug|Any CPU.Build.0 = Debug|Any CPU
		{3F9FEC3B-D472-49C5-BFCC-16F7727C567F}.Debug|x64.ActiveCfg = Debug|Any CPU
		{3F9FEC3B-D472-49C5-BFCC-16F7727C567F}.Debug|x64.Build.0 = Debug|Any CPU
		{3F9FEC3B-D472-49C5-BFCC-16F7727C567F}.Debug|x86.ActiveCfg = Debug|Any CPU
		{3F9FEC3B-D472-49C5-BFCC-16F7727C567F}.Debug|x86.Build.0 = Debug|Any CPU
		{3F9FEC3B-D472-49C5-BFCC-16F7727C567F}.Release|Any CPU.ActiveCfg = Release|Any CPU
		{3F9FEC3B-D472-49C5-BFCC-16F7727C567F}.Release|Any CPU.Build.0 = Release|Any CPU
		{3F9FEC3B-D472-49C5-BFCC-16F7727C567F}.Release|x64.ActiveCfg = Release|Any CPU
		{3F9FEC3B-D472-49C5-BFCC-16F7727C567F}.Release|x64.Build.0 = Release|Any CPU
		{3F9FEC3B-D472-49C5-BFCC-16F7727C567F}.Release|x86.ActiveCfg = Release|Any CPU
		{3F9FEC3B-D472-49C5-BFCC-16F7727C567F}.Release|x86.Build.0 = Release|Any CPU
		{2D959C5A-CF6D-4DFC-8C85-E5C6B5DBB0EE}.Debug|Any CPU.ActiveCfg = Debug|Any CPU
		{2D959C5A-CF6D-4DFC-8C85-E5C6B5DBB0EE}.Debug|Any CPU.Build.0 = Debug|Any CPU
		{2D959C5A-CF6D-4DFC-8C85-E5C6B5DBB0EE}.Debug|x64.ActiveCfg = Debug|Any CPU
		{2D959C5A-CF6D-4DFC-8C85-E5C6B5DBB0EE}.Debug|x64.Build.0 = Debug|Any CPU
		{2D959C5A-CF6D-4DFC-8C85-E5C6B5DBB0EE}.Debug|x86.ActiveCfg = Debug|Any CPU
		{2D959C5A-CF6D-4DFC-8C85-E5C6B5DBB0EE}.Debug|x86.Build.0 = Debug|Any CPU
		{2D959C5A-CF6D-4DFC-8C85-E5C6B5DBB0EE}.Release|Any CPU.ActiveCfg = Release|Any CPU
		{2D959C5A-CF6D-4DFC-8C85-E5C6B5DBB0EE}.Release|Any CPU.Build.0 = Release|Any CPU
		{2D959C5A-CF6D-4DFC-8C85-E5C6B5DBB0EE}.Release|x64.ActiveCfg = Release|Any CPU
		{2D959C5A-CF6D-4DFC-8C85-E5C6B5DBB0EE}.Release|x64.Build.0 = Release|Any CPU
		{2D959C5A-CF6D-4DFC-8C85-E5C6B5DBB0EE}.Release|x86.ActiveCfg = Release|Any CPU
		{2D959C5A-CF6D-4DFC-8C85-E5C6B5DBB0EE}.Release|x86.Build.0 = Release|Any CPU
		{8D1634F8-75BC-481F-B197-9B5C114E8AF8}.Debug|Any CPU.ActiveCfg = Debug|Any CPU
		{8D1634F8-75BC-481F-B197-9B5C114E8AF8}.Debug|Any CPU.Build.0 = Debug|Any CPU
		{8D1634F8-75BC-481F-B197-9B5C114E8AF8}.Debug|x64.ActiveCfg = Debug|Any CPU
		{8D1634F8-75BC-481F-B197-9B5C114E8AF8}.Debug|x64.Build.0 = Debug|Any CPU
		{8D1634F8-75BC-481F-B197-9B5C114E8AF8}.Debug|x86.ActiveCfg = Debug|Any CPU
		{8D1634F8-75BC-481F-B197-9B5C114E8AF8}.Debug|x86.Build.0 = Debug|Any CPU
		{8D1634F8-75BC-481F-B197-9B5C114E8AF8}.Release|Any CPU.ActiveCfg = Release|Any CPU
		{8D1634F8-75BC-481F-B197-9B5C114E8AF8}.Release|Any CPU.Build.0 = Release|Any CPU
		{8D1634F8-75BC-481F-B197-9B5C114E8AF8}.Release|x64.ActiveCfg = Release|Any CPU
		{8D1634F8-75BC-481F-B197-9B5C114E8AF8}.Release|x64.Build.0 = Release|Any CPU
		{8D1634F8-75BC-481F-B197-9B5C114E8AF8}.Release|x86.ActiveCfg = Release|Any CPU
		{8D1634F8-75BC-481F-B197-9B5C114E8AF8}.Release|x86.Build.0 = Release|Any CPU
		{7864C0A9-6293-4887-B031-B74E83182D4C}.Debug|Any CPU.ActiveCfg = Debug|Any CPU
		{7864C0A9-6293-4887-B031-B74E83182D4C}.Debug|Any CPU.Build.0 = Debug|Any CPU
		{7864C0A9-6293-4887-B031-B74E83182D4C}.Debug|x64.ActiveCfg = Debug|Any CPU
		{7864C0A9-6293-4887-B031-B74E83182D4C}.Debug|x64.Build.0 = Debug|Any CPU
		{7864C0A9-6293-4887-B031-B74E83182D4C}.Debug|x86.ActiveCfg = Debug|Any CPU
		{7864C0A9-6293-4887-B031-B74E83182D4C}.Debug|x86.Build.0 = Debug|Any CPU
		{7864C0A9-6293-4887-B031-B74E83182D4C}.Release|Any CPU.ActiveCfg = Release|Any CPU
		{7864C0A9-6293-4887-B031-B74E83182D4C}.Release|Any CPU.Build.0 = Release|Any CPU
		{7864C0A9-6293-4887-B031-B74E83182D4C}.Release|x64.ActiveCfg = Release|Any CPU
		{7864C0A9-6293-4887-B031-B74E83182D4C}.Release|x64.Build.0 = Release|Any CPU
		{7864C0A9-6293-4887-B031-B74E83182D4C}.Release|x86.ActiveCfg = Release|Any CPU
		{7864C0A9-6293-4887-B031-B74E83182D4C}.Release|x86.Build.0 = Release|Any CPU
		{37C20081-03A0-407F-9C6F-99D4DD20B9BE}.Debug|Any CPU.ActiveCfg = Debug|Any CPU
		{37C20081-03A0-407F-9C6F-99D4DD20B9BE}.Debug|Any CPU.Build.0 = Debug|Any CPU
		{37C20081-03A0-407F-9C6F-99D4DD20B9BE}.Debug|x64.ActiveCfg = Debug|Any CPU
		{37C20081-03A0-407F-9C6F-99D4DD20B9BE}.Debug|x64.Build.0 = Debug|Any CPU
		{37C20081-03A0-407F-9C6F-99D4DD20B9BE}.Debug|x86.ActiveCfg = Debug|Any CPU
		{37C20081-03A0-407F-9C6F-99D4DD20B9BE}.Debug|x86.Build.0 = Debug|Any CPU
		{37C20081-03A0-407F-9C6F-99D4DD20B9BE}.Release|Any CPU.ActiveCfg = Release|Any CPU
		{37C20081-03A0-407F-9C6F-99D4DD20B9BE}.Release|Any CPU.Build.0 = Release|Any CPU
		{37C20081-03A0-407F-9C6F-99D4DD20B9BE}.Release|x64.ActiveCfg = Release|Any CPU
		{37C20081-03A0-407F-9C6F-99D4DD20B9BE}.Release|x64.Build.0 = Release|Any CPU
		{37C20081-03A0-407F-9C6F-99D4DD20B9BE}.Release|x86.ActiveCfg = Release|Any CPU
		{37C20081-03A0-407F-9C6F-99D4DD20B9BE}.Release|x86.Build.0 = Release|Any CPU
	EndGlobalSection
	GlobalSection(SolutionProperties) = preSolution
		HideSolutionNode = FALSE
	EndGlobalSection
	GlobalSection(NestedProjects) = preSolution
		{EC447DCF-ABFA-6E24-52A5-D7FD48A5C558} = {827E0CD3-B72D-47B6-A68D-7590B98EB39B}
		{EB8CC88A-DE96-499B-B227-B8FA34433F0B} = {EC447DCF-ABFA-6E24-52A5-D7FD48A5C558}
		{73487A32-065A-4874-A158-C18CB8BA5D41} = {EC447DCF-ABFA-6E24-52A5-D7FD48A5C558}
		{13F73B52-8204-4156-8626-271552853DAE} = {EC447DCF-ABFA-6E24-52A5-D7FD48A5C558}
		{A49BBBB7-0FA7-449A-AD0B-9E7D20F1DA06} = {EC447DCF-ABFA-6E24-52A5-D7FD48A5C558}
		{7E63720F-2690-49A5-8453-66E2DBF8129C} = {EC447DCF-ABFA-6E24-52A5-D7FD48A5C558}
		{B76A8776-A4A5-462A-8D17-76867669F2F5} = {EC447DCF-ABFA-6E24-52A5-D7FD48A5C558}
		{A97B3489-ECFC-4805-B567-F7FC8A5C50CD} = {EC447DCF-ABFA-6E24-52A5-D7FD48A5C558}
		{229946C8-F3D3-4961-A18D-F7F57A2DEA54} = {EC447DCF-ABFA-6E24-52A5-D7FD48A5C558}
		{C319FFB2-F2D2-4039-9661-7FEC6D8DCD1E} = {EC447DCF-ABFA-6E24-52A5-D7FD48A5C558}
		{A9062AE9-98CE-4FC3-B60B-03CB534BC041} = {EC447DCF-ABFA-6E24-52A5-D7FD48A5C558}
		{5040E30C-DC5A-4A3B-B972-14465ACE0C3D} = {EC447DCF-ABFA-6E24-52A5-D7FD48A5C558}
		{83CEED70-9615-4F7E-A09D-FC5A9B5F0765} = {EC447DCF-ABFA-6E24-52A5-D7FD48A5C558}
		{A12A1ABE-1AD0-4D67-BA14-3A82486A0EBF} = {EC447DCF-ABFA-6E24-52A5-D7FD48A5C558}
		{CB70C916-02C1-4AEC-9DDA-CAE8F77211AC} = {EC447DCF-ABFA-6E24-52A5-D7FD48A5C558}
		{D29571EF-C722-46B2-AE3C-23E2629E1AF7} = {0AB3BF05-4346-4AA6-1389-037BE0695223}
		{3F9FEC3B-D472-49C5-BFCC-16F7727C567F} = {0AB3BF05-4346-4AA6-1389-037BE0695223}
		{2D959C5A-CF6D-4DFC-8C85-E5C6B5DBB0EE} = {0AB3BF05-4346-4AA6-1389-037BE0695223}
		{8D1634F8-75BC-481F-B197-9B5C114E8AF8} = {7B99CFB9-C586-FA53-BA07-AFD6683553CE}
		{7864C0A9-6293-4887-B031-B74E83182D4C} = {7B99CFB9-C586-FA53-BA07-AFD6683553CE}
		{37C20081-03A0-407F-9C6F-99D4DD20B9BE} = {EC447DCF-ABFA-6E24-52A5-D7FD48A5C558}
	EndGlobalSection
EndGlobal
